// !$*UTF8*$!
{
	archiveVersion = 1;
	classes = {
	};
	objectVersion = 46;
	objects = {

/* Begin PBXBuildFile section */
		3FA7F9531981E329009FC664 /* Foundation.framework in Frameworks */ = {isa = PBXBuildFile; fileRef = 3FA7F9521981E329009FC664 /* Foundation.framework */; };
		3FA7F9551981E329009FC664 /* CoreGraphics.framework in Frameworks */ = {isa = PBXBuildFile; fileRef = 3FA7F9541981E329009FC664 /* CoreGraphics.framework */; };
		3FA7F9571981E329009FC664 /* UIKit.framework in Frameworks */ = {isa = PBXBuildFile; fileRef = 3FA7F9561981E329009FC664 /* UIKit.framework */; };
		3FA7F95D1981E329009FC664 /* InfoPlist.strings in Resources */ = {isa = PBXBuildFile; fileRef = 3FA7F95B1981E329009FC664 /* InfoPlist.strings */; };
		3FA7F95F1981E329009FC664 /* main.m in Sources */ = {isa = PBXBuildFile; fileRef = 3FA7F95E1981E329009FC664 /* main.m */; };
		3FA7F9631981E329009FC664 /* AppDelegate.m in Sources */ = {isa = PBXBuildFile; fileRef = 3FA7F9621981E329009FC664 /* AppDelegate.m */; };
		3FA7F9661981E329009FC664 /* Main.storyboard in Resources */ = {isa = PBXBuildFile; fileRef = 3FA7F9641981E329009FC664 /* Main.storyboard */; };
		3FA7F9691981E329009FC664 /* ViewController.m in Sources */ = {isa = PBXBuildFile; fileRef = 3FA7F9681981E329009FC664 /* ViewController.m */; };
		3FA7F96B1981E329009FC664 /* Images.xcassets in Resources */ = {isa = PBXBuildFile; fileRef = 3FA7F96A1981E329009FC664 /* Images.xcassets */; };
		3FA7F9721981E329009FC664 /* XCTest.framework in Frameworks */ = {isa = PBXBuildFile; fileRef = 3FA7F9711981E329009FC664 /* XCTest.framework */; };
		3FA7F9731981E329009FC664 /* Foundation.framework in Frameworks */ = {isa = PBXBuildFile; fileRef = 3FA7F9521981E329009FC664 /* Foundation.framework */; };
		3FA7F9741981E329009FC664 /* UIKit.framework in Frameworks */ = {isa = PBXBuildFile; fileRef = 3FA7F9561981E329009FC664 /* UIKit.framework */; };
		3FA7F97C1981E329009FC664 /* InfoPlist.strings in Resources */ = {isa = PBXBuildFile; fileRef = 3FA7F97A1981E329009FC664 /* InfoPlist.strings */; };
		3FA7F97E1981E329009FC664 /* zoi_iOSTests.m in Sources */ = {isa = PBXBuildFile; fileRef = 3FA7F97D1981E329009FC664 /* zoi_iOSTests.m */; };
		3FA7F98A1981EBA9009FC664 /* Social.framework in Frameworks */ = {isa = PBXBuildFile; fileRef = 3FA7F9891981EBA9009FC664 /* Social.framework */; };
/* End PBXBuildFile section */

/* Begin PBXContainerItemProxy section */
		3FA7F9751981E329009FC664 /* PBXContainerItemProxy */ = {
			isa = PBXContainerItemProxy;
			containerPortal = 3FA7F9471981E329009FC664 /* Project object */;
			proxyType = 1;
			remoteGlobalIDString = 3FA7F94E1981E329009FC664;
			remoteInfo = "zoi-iOS";
		};
/* End PBXContainerItemProxy section */

/* Begin PBXFileReference section */
		3FA7F94F1981E329009FC664 /* zoi.app */ = {isa = PBXFileReference; explicitFileType = wrapper.application; includeInIndex = 0; path = zoi.app; sourceTree = BUILT_PRODUCTS_DIR; };
		3FA7F9521981E329009FC664 /* Foundation.framework */ = {isa = PBXFileReference; lastKnownFileType = wrapper.framework; name = Foundation.framework; path = System/Library/Frameworks/Foundation.framework; sourceTree = SDKROOT; };
		3FA7F9541981E329009FC664 /* CoreGraphics.framework */ = {isa = PBXFileReference; lastKnownFileType = wrapper.framework; name = CoreGraphics.framework; path = System/Library/Frameworks/CoreGraphics.framework; sourceTree = SDKROOT; };
		3FA7F9561981E329009FC664 /* UIKit.framework */ = {isa = PBXFileReference; lastKnownFileType = wrapper.framework; name = UIKit.framework; path = System/Library/Frameworks/UIKit.framework; sourceTree = SDKROOT; };
		3FA7F95A1981E329009FC664 /* zoi-iOS-Info.plist */ = {isa = PBXFileReference; lastKnownFileType = text.plist.xml; path = "zoi-iOS-Info.plist"; sourceTree = "<group>"; };
		3FA7F95C1981E329009FC664 /* en */ = {isa = PBXFileReference; lastKnownFileType = text.plist.strings; name = en; path = en.lproj/InfoPlist.strings; sourceTree = "<group>"; };
		3FA7F95E1981E329009FC664 /* main.m */ = {isa = PBXFileReference; lastKnownFileType = sourcecode.c.objc; path = main.m; sourceTree = "<group>"; };
		3FA7F9601981E329009FC664 /* zoi-iOS-Prefix.pch */ = {isa = PBXFileReference; lastKnownFileType = sourcecode.c.h; path = "zoi-iOS-Prefix.pch"; sourceTree = "<group>"; };
		3FA7F9611981E329009FC664 /* AppDelegate.h */ = {isa = PBXFileReference; lastKnownFileType = sourcecode.c.h; path = AppDelegate.h; sourceTree = "<group>"; };
		3FA7F9621981E329009FC664 /* AppDelegate.m */ = {isa = PBXFileReference; lastKnownFileType = sourcecode.c.objc; path = AppDelegate.m; sourceTree = "<group>"; };
		3FA7F9651981E329009FC664 /* Base */ = {isa = PBXFileReference; lastKnownFileType = file.storyboard; name = Base; path = Base.lproj/Main.storyboard; sourceTree = "<group>"; };
		3FA7F9671981E329009FC664 /* ViewController.h */ = {isa = PBXFileReference; lastKnownFileType = sourcecode.c.h; path = ViewController.h; sourceTree = "<group>"; };
		3FA7F9681981E329009FC664 /* ViewController.m */ = {isa = PBXFileReference; lastKnownFileType = sourcecode.c.objc; path = ViewController.m; sourceTree = "<group>"; };
		3FA7F96A1981E329009FC664 /* Images.xcassets */ = {isa = PBXFileReference; lastKnownFileType = folder.assetcatalog; path = Images.xcassets; sourceTree = "<group>"; };
		3FA7F9701981E329009FC664 /* zoi-iOSTests.xctest */ = {isa = PBXFileReference; explicitFileType = wrapper.cfbundle; includeInIndex = 0; path = "zoi-iOSTests.xctest"; sourceTree = BUILT_PRODUCTS_DIR; };
		3FA7F9711981E329009FC664 /* XCTest.framework */ = {isa = PBXFileReference; lastKnownFileType = wrapper.framework; name = XCTest.framework; path = Library/Frameworks/XCTest.framework; sourceTree = DEVELOPER_DIR; };
		3FA7F9791981E329009FC664 /* zoi-iOSTests-Info.plist */ = {isa = PBXFileReference; lastKnownFileType = text.plist.xml; path = "zoi-iOSTests-Info.plist"; sourceTree = "<group>"; };
		3FA7F97B1981E329009FC664 /* en */ = {isa = PBXFileReference; lastKnownFileType = text.plist.strings; name = en; path = en.lproj/InfoPlist.strings; sourceTree = "<group>"; };
		3FA7F97D1981E329009FC664 /* zoi_iOSTests.m */ = {isa = PBXFileReference; lastKnownFileType = sourcecode.c.objc; path = zoi_iOSTests.m; sourceTree = "<group>"; };
		3FA7F9891981EBA9009FC664 /* Social.framework */ = {isa = PBXFileReference; lastKnownFileType = wrapper.framework; name = Social.framework; path = System/Library/Frameworks/Social.framework; sourceTree = SDKROOT; };
/* End PBXFileReference section */

/* Begin PBXFrameworksBuildPhase section */
		3FA7F94C1981E329009FC664 /* Frameworks */ = {
			isa = PBXFrameworksBuildPhase;
			buildActionMask = 2147483647;
			files = (
				3FA7F98A1981EBA9009FC664 /* Social.framework in Frameworks */,
				3FA7F9551981E329009FC664 /* CoreGraphics.framework in Frameworks */,
				3FA7F9571981E329009FC664 /* UIKit.framework in Frameworks */,
				3FA7F9531981E329009FC664 /* Foundation.framework in Frameworks */,
			);
			runOnlyForDeploymentPostprocessing = 0;
		};
		3FA7F96D1981E329009FC664 /* Frameworks */ = {
			isa = PBXFrameworksBuildPhase;
			buildActionMask = 2147483647;
			files = (
				3FA7F9721981E329009FC664 /* XCTest.framework in Frameworks */,
				3FA7F9741981E329009FC664 /* UIKit.framework in Frameworks */,
				3FA7F9731981E329009FC664 /* Foundation.framework in Frameworks */,
			);
			runOnlyForDeploymentPostprocessing = 0;
		};
/* End PBXFrameworksBuildPhase section */

/* Begin PBXGroup section */
		3FA7F9461981E329009FC664 = {
			isa = PBXGroup;
			children = (
				3FA7F9581981E329009FC664 /* zoi-iOS */,
				3FA7F9771981E329009FC664 /* zoi-iOSTests */,
				3FA7F9511981E329009FC664 /* Frameworks */,
				3FA7F9501981E329009FC664 /* Products */,
			);
			sourceTree = "<group>";
		};
		3FA7F9501981E329009FC664 /* Products */ = {
			isa = PBXGroup;
			children = (
				3FA7F94F1981E329009FC664 /* zoi.app */,
				3FA7F9701981E329009FC664 /* zoi-iOSTests.xctest */,
			);
			name = Products;
			sourceTree = "<group>";
		};
		3FA7F9511981E329009FC664 /* Frameworks */ = {
			isa = PBXGroup;
			children = (
				3FA7F9891981EBA9009FC664 /* Social.framework */,
				3FA7F9521981E329009FC664 /* Foundation.framework */,
				3FA7F9541981E329009FC664 /* CoreGraphics.framework */,
				3FA7F9561981E329009FC664 /* UIKit.framework */,
				3FA7F9711981E329009FC664 /* XCTest.framework */,
			);
			name = Frameworks;
			sourceTree = "<group>";
		};
		3FA7F9581981E329009FC664 /* zoi-iOS */ = {
			isa = PBXGroup;
			children = (
				3FA7F9611981E329009FC664 /* AppDelegate.h */,
				3FA7F9621981E329009FC664 /* AppDelegate.m */,
				3FA7F9641981E329009FC664 /* Main.storyboard */,
				3FA7F9671981E329009FC664 /* ViewController.h */,
				3FA7F9681981E329009FC664 /* ViewController.m */,
				3FA7F96A1981E329009FC664 /* Images.xcassets */,
				3FA7F9591981E329009FC664 /* Supporting Files */,
			);
			path = "zoi-iOS";
			sourceTree = "<group>";
		};
		3FA7F9591981E329009FC664 /* Supporting Files */ = {
			isa = PBXGroup;
			children = (
				3FA7F95A1981E329009FC664 /* zoi-iOS-Info.plist */,
				3FA7F95B1981E329009FC664 /* InfoPlist.strings */,
				3FA7F95E1981E329009FC664 /* main.m */,
				3FA7F9601981E329009FC664 /* zoi-iOS-Prefix.pch */,
			);
			name = "Supporting Files";
			sourceTree = "<group>";
		};
		3FA7F9771981E329009FC664 /* zoi-iOSTests */ = {
			isa = PBXGroup;
			children = (
				3FA7F97D1981E329009FC664 /* zoi_iOSTests.m */,
				3FA7F9781981E329009FC664 /* Supporting Files */,
			);
			path = "zoi-iOSTests";
			sourceTree = "<group>";
		};
		3FA7F9781981E329009FC664 /* Supporting Files */ = {
			isa = PBXGroup;
			children = (
				3FA7F9791981E329009FC664 /* zoi-iOSTests-Info.plist */,
				3FA7F97A1981E329009FC664 /* InfoPlist.strings */,
			);
			name = "Supporting Files";
			sourceTree = "<group>";
		};
/* End PBXGroup section */

/* Begin PBXNativeTarget section */
		3FA7F94E1981E329009FC664 /* zoi-iOS */ = {
			isa = PBXNativeTarget;
			buildConfigurationList = 3FA7F9811981E329009FC664 /* Build configuration list for PBXNativeTarget "zoi-iOS" */;
			buildPhases = (
				3FA7F94B1981E329009FC664 /* Sources */,
				3FA7F94C1981E329009FC664 /* Frameworks */,
				3FA7F94D1981E329009FC664 /* Resources */,
			);
			buildRules = (
			);
			dependencies = (
			);
			name = "zoi-iOS";
			productName = "zoi-iOS";
			productReference = 3FA7F94F1981E329009FC664 /* zoi.app */;
			productType = "com.apple.product-type.application";
		};
		3FA7F96F1981E329009FC664 /* zoi-iOSTests */ = {
			isa = PBXNativeTarget;
			buildConfigurationList = 3FA7F9841981E329009FC664 /* Build configuration list for PBXNativeTarget "zoi-iOSTests" */;
			buildPhases = (
				3FA7F96C1981E329009FC664 /* Sources */,
				3FA7F96D1981E329009FC664 /* Frameworks */,
				3FA7F96E1981E329009FC664 /* Resources */,
			);
			buildRules = (
			);
			dependencies = (
				3FA7F9761981E329009FC664 /* PBXTargetDependency */,
			);
			name = "zoi-iOSTests";
			productName = "zoi-iOSTests";
			productReference = 3FA7F9701981E329009FC664 /* zoi-iOSTests.xctest */;
			productType = "com.apple.product-type.bundle.unit-test";
		};
/* End PBXNativeTarget section */

/* Begin PBXProject section */
		3FA7F9471981E329009FC664 /* Project object */ = {
			isa = PBXProject;
			attributes = {
				LastUpgradeCheck = 0510;
				TargetAttributes = {
					3FA7F96F1981E329009FC664 = {
						TestTargetID = 3FA7F94E1981E329009FC664;
					};
				};
			};
			buildConfigurationList = 3FA7F94A1981E329009FC664 /* Build configuration list for PBXProject "zoi-iOS" */;
			compatibilityVersion = "Xcode 3.2";
			developmentRegion = English;
			hasScannedForEncodings = 0;
			knownRegions = (
				en,
				Base,
			);
			mainGroup = 3FA7F9461981E329009FC664;
			productRefGroup = 3FA7F9501981E329009FC664 /* Products */;
			projectDirPath = "";
			projectRoot = "";
			targets = (
				3FA7F94E1981E329009FC664 /* zoi-iOS */,
				3FA7F96F1981E329009FC664 /* zoi-iOSTests */,
			);
		};
/* End PBXProject section */

/* Begin PBXResourcesBuildPhase section */
		3FA7F94D1981E329009FC664 /* Resources */ = {
			isa = PBXResourcesBuildPhase;
			buildActionMask = 2147483647;
			files = (
				3FA7F96B1981E329009FC664 /* Images.xcassets in Resources */,
				3FA7F95D1981E329009FC664 /* InfoPlist.strings in Resources */,
				3FA7F9661981E329009FC664 /* Main.storyboard in Resources */,
			);
			runOnlyForDeploymentPostprocessing = 0;
		};
		3FA7F96E1981E329009FC664 /* Resources */ = {
			isa = PBXResourcesBuildPhase;
			buildActionMask = 2147483647;
			files = (
				3FA7F97C1981E329009FC664 /* InfoPlist.strings in Resources */,
			);
			runOnlyForDeploymentPostprocessing = 0;
		};
/* End PBXResourcesBuildPhase section */

/* Begin PBXSourcesBuildPhase section */
		3FA7F94B1981E329009FC664 /* Sources */ = {
			isa = PBXSourcesBuildPhase;
			buildActionMask = 2147483647;
			files = (
				3FA7F9691981E329009FC664 /* ViewController.m in Sources */,
				3FA7F9631981E329009FC664 /* AppDelegate.m in Sources */,
				3FA7F95F1981E329009FC664 /* main.m in Sources */,
			);
			runOnlyForDeploymentPostprocessing = 0;
		};
		3FA7F96C1981E329009FC664 /* Sources */ = {
			isa = PBXSourcesBuildPhase;
			buildActionMask = 2147483647;
			files = (
				3FA7F97E1981E329009FC664 /* zoi_iOSTests.m in Sources */,
			);
			runOnlyForDeploymentPostprocessing = 0;
		};
/* End PBXSourcesBuildPhase section */

/* Begin PBXTargetDependency section */
		3FA7F9761981E329009FC664 /* PBXTargetDependency */ = {
			isa = PBXTargetDependency;
			target = 3FA7F94E1981E329009FC664 /* zoi-iOS */;
			targetProxy = 3FA7F9751981E329009FC664 /* PBXContainerItemProxy */;
		};
/* End PBXTargetDependency section */

/* Begin PBXVariantGroup section */
		3FA7F95B1981E329009FC664 /* InfoPlist.strings */ = {
			isa = PBXVariantGroup;
			children = (
				3FA7F95C1981E329009FC664 /* en */,
			);
			name = InfoPlist.strings;
			sourceTree = "<group>";
		};
		3FA7F9641981E329009FC664 /* Main.storyboard */ = {
			isa = PBXVariantGroup;
			children = (
				3FA7F9651981E329009FC664 /* Base */,
			);
			name = Main.storyboard;
			sourceTree = "<group>";
		};
		3FA7F97A1981E329009FC664 /* InfoPlist.strings */ = {
			isa = PBXVariantGroup;
			children = (
				3FA7F97B1981E329009FC664 /* en */,
			);
			name = InfoPlist.strings;
			sourceTree = "<group>";
		};
/* End PBXVariantGroup section */

/* Begin XCBuildConfiguration section */
		3FA7F97F1981E329009FC664 /* Debug */ = {
			isa = XCBuildConfiguration;
			buildSettings = {
				ALWAYS_SEARCH_USER_PATHS = NO;
				CLANG_CXX_LANGUAGE_STANDARD = "gnu++0x";
				CLANG_CXX_LIBRARY = "libc++";
				CLANG_ENABLE_MODULES = YES;
				CLANG_ENABLE_OBJC_ARC = YES;
				CLANG_WARN_BOOL_CONVERSION = YES;
				CLANG_WARN_CONSTANT_CONVERSION = YES;
				CLANG_WARN_DIRECT_OBJC_ISA_USAGE = YES_ERROR;
				CLANG_WARN_EMPTY_BODY = YES;
				CLANG_WARN_ENUM_CONVERSION = YES;
				CLANG_WARN_INT_CONVERSION = YES;
				CLANG_WARN_OBJC_ROOT_CLASS = YES_ERROR;
				CLANG_WARN__DUPLICATE_METHOD_MATCH = YES;
				"CODE_SIGN_IDENTITY[sdk=iphoneos*]" = "iPhone Developer";
				COPY_PHASE_STRIP = NO;
				GCC_C_LANGUAGE_STANDARD = gnu99;
				GCC_DYNAMIC_NO_PIC = NO;
				GCC_OPTIMIZATION_LEVEL = 0;
				GCC_PREPROCESSOR_DEFINITIONS = (
					"DEBUG=1",
					"$(inherited)",
				);
				GCC_SYMBOLS_PRIVATE_EXTERN = NO;
				GCC_WARN_64_TO_32_BIT_CONVERSION = YES;
				GCC_WARN_ABOUT_RETURN_TYPE = YES_ERROR;
				GCC_WARN_UNDECLARED_SELECTOR = YES;
				GCC_WARN_UNINITIALIZED_AUTOS = YES_AGGRESSIVE;
				GCC_WARN_UNUSED_FUNCTION = YES;
				GCC_WARN_UNUSED_VARIABLE = YES;
				IPHONEOS_DEPLOYMENT_TARGET = 7.1;
				ONLY_ACTIVE_ARCH = YES;
				SDKROOT = iphoneos;
			};
			name = Debug;
		};
		3FA7F9801981E329009FC664 /* Release */ = {
			isa = XCBuildConfiguration;
			buildSettings = {
				ALWAYS_SEARCH_USER_PATHS = NO;
				CLANG_CXX_LANGUAGE_STANDARD = "gnu++0x";
				CLANG_CXX_LIBRARY = "libc++";
				CLANG_ENABLE_MODULES = YES;
				CLANG_ENABLE_OBJC_ARC = YES;
				CLANG_WARN_BOOL_CONVERSION = YES;
				CLANG_WARN_CONSTANT_CONVERSION = YES;
				CLANG_WARN_DIRECT_OBJC_ISA_USAGE = YES_ERROR;
				CLANG_WARN_EMPTY_BODY = YES;
				CLANG_WARN_ENUM_CONVERSION = YES;
				CLANG_WARN_INT_CONVERSION = YES;
				CLANG_WARN_OBJC_ROOT_CLASS = YES_ERROR;
				CLANG_WARN__DUPLICATE_METHOD_MATCH = YES;
				"CODE_SIGN_IDENTITY[sdk=iphoneos*]" = "iPhone Developer";
				COPY_PHASE_STRIP = YES;
				ENABLE_NS_ASSERTIONS = NO;
				GCC_C_LANGUAGE_STANDARD = gnu99;
				GCC_WARN_64_TO_32_BIT_CONVERSION = YES;
				GCC_WARN_ABOUT_RETURN_TYPE = YES_ERROR;
				GCC_WARN_UNDECLARED_SELECTOR = YES;
				GCC_WARN_UNINITIALIZED_AUTOS = YES_AGGRESSIVE;
				GCC_WARN_UNUSED_FUNCTION = YES;
				GCC_WARN_UNUSED_VARIABLE = YES;
				IPHONEOS_DEPLOYMENT_TARGET = 7.1;
				SDKROOT = iphoneos;
				VALIDATE_PRODUCT = YES;
			};
			name = Release;
		};
		3FA7F9821981E329009FC664 /* Debug */ = {
			isa = XCBuildConfiguration;
			buildSettings = {
				ASSETCATALOG_COMPILER_APPICON_NAME = AppIcon;
				ASSETCATALOG_COMPILER_LAUNCHIMAGE_NAME = LaunchImage;
				GCC_PRECOMPILE_PREFIX_HEADER = YES;
				GCC_PREFIX_HEADER = "zoi-iOS/zoi-iOS-Prefix.pch";
				INFOPLIST_FILE = "zoi-iOS/zoi-iOS-Info.plist";
				PRODUCT_NAME = zoi;
				WRAPPER_EXTENSION = app;
			};
			name = Debug;
		};
		3FA7F9831981E329009FC664 /* Release */ = {
			isa = XCBuildConfiguration;
			buildSettings = {
				ASSETCATALOG_COMPILER_APPICON_NAME = AppIcon;
				ASSETCATALOG_COMPILER_LAUNCHIMAGE_NAME = LaunchImage;
				GCC_PRECOMPILE_PREFIX_HEADER = YES;
				GCC_PREFIX_HEADER = "zoi-iOS/zoi-iOS-Prefix.pch";
				INFOPLIST_FILE = "zoi-iOS/zoi-iOS-Info.plist";
				PRODUCT_NAME = zoi;
				WRAPPER_EXTENSION = app;
			};
			name = Release;
		};
		3FA7F9851981E329009FC664 /* Debug */ = {
			isa = XCBuildConfiguration;
			buildSettings = {
				BUNDLE_LOADER = "$(BUILT_PRODUCTS_DIR)/zoi-iOS.app/zoi-iOS";
				FRAMEWORK_SEARCH_PATHS = (
					"$(SDKROOT)/Developer/Library/Frameworks",
					"$(inherited)",
					"$(DEVELOPER_FRAMEWORKS_DIR)",
				);
				GCC_PRECOMPILE_PREFIX_HEADER = YES;
				GCC_PREFIX_HEADER = "zoi-iOS/zoi-iOS-Prefix.pch";
				GCC_PREPROCESSOR_DEFINITIONS = (
					"DEBUG=1",
					"$(inherited)",
				);
				INFOPLIST_FILE = "zoi-iOSTests/zoi-iOSTests-Info.plist";
				PRODUCT_NAME = "$(TARGET_NAME)";
				TEST_HOST = "$(BUNDLE_LOADER)";
				WRAPPER_EXTENSION = xctest;
			};
			name = Debug;
		};
		3FA7F9861981E329009FC664 /* Release */ = {
			isa = XCBuildConfiguration;
			buildSettings = {
				BUNDLE_LOADER = "$(BUILT_PRODUCTS_DIR)/zoi-iOS.app/zoi-iOS";
				FRAMEWORK_SEARCH_PATHS = (
					"$(SDKROOT)/Developer/Library/Frameworks",
					"$(inherited)",
					"$(DEVELOPER_FRAMEWORKS_DIR)",
				);
				GCC_PRECOMPILE_PREFIX_HEADER = YES;
				GCC_PREFIX_HEADER = "zoi-iOS/zoi-iOS-Prefix.pch";
				INFOPLIST_FILE = "zoi-iOSTests/zoi-iOSTests-Info.plist";
				PRODUCT_NAME = "$(TARGET_NAME)";
				TEST_HOST = "$(BUNDLE_LOADER)";
				WRAPPER_EXTENSION = xctest;
			};
			name = Release;
		};
/* End XCBuildConfiguration section */

/* Begin XCConfigurationList section */
		3FA7F94A1981E329009FC664 /* Build configuration list for PBXProject "zoi-iOS" */ = {
			isa = XCConfigurationList;
			buildConfigurations = (
				3FA7F97F1981E329009FC664 /* Debug */,
				3FA7F9801981E329009FC664 /* Release */,
			);
			defaultConfigurationIsVisible = 0;
			defaultConfigurationName = Release;
		};
		3FA7F9811981E329009FC664 /* Build configuration list for PBXNativeTarget "zoi-iOS" */ = {
			isa = XCConfigurationList;
			buildConfigurations = (
				3FA7F9821981E329009FC664 /* Debug */,
				3FA7F9831981E329009FC664 /* Release */,
			);
			defaultConfigurationIsVisible = 0;
			defaultConfigurationName = Release;
		};
		3FA7F9841981E329009FC664 /* Build configuration list for PBXNativeTarget "zoi-iOSTests" */ = {
			isa = XCConfigurationList;
			buildConfigurations = (
				3FA7F9851981E329009FC664 /* Debug */,
				3FA7F9861981E329009FC664 /* Release */,
			);
			defaultConfigurationIsVisible = 0;
			defaultConfigurationName = Release;
		};
/* End XCConfigurationList section */
	};
	rootObject = 3FA7F9471981E329009FC664 /* Project object */;
}
